NeoBundleLock neobundle.vim 88951d60547595606ea0ca8f28f643d2506f2714
NeoBundleLock unite.vim 85a91c5e42ff7c44b7453b93ac9a3cb6b5d6ead1
NeoBundleLock vim-coffee-script b91dbe92ad794a85a03b089f384fa324ff4e0c3d
NeoBundleLock vim-fugitive 58ed86e434951319ff7d438fb1096f24a51e6458
NeoBundleLock vim-unite-giti 2fbafb85baf89be252bcd1cf0aed8cf2226af2a9
